{
    "name": "excessively-greedy",
    "version": "1.0.0",
    "lockfileVersion": 3,
    "requires": true,
    "packages": {
        "": {
            "name": "excessively-greedy",
            "version": "1.0.0",
            "bin": {
                "tester": "index.js"
            }
        }
    }
}
